// !$*UTF8*$!
{
	archiveVersion = 1;
	classes = {
	};
	objectVersion = 50;
	objects = {

/* Begin PBXBuildFile section */
		D003017D25983E360068DB6C /* HSAccountDetailTableViewController.m in Sources */ = {isa = PBXBuildFile; fileRef = D003017C25983E360068DB6C /* HSAccountDetailTableViewController.m */; };
		D05288CF259338F100C8A2D1 /* AppDelegate.m in Sources */ = {isa = PBXBuildFile; fileRef = D05288CE259338F100C8A2D1 /* AppDelegate.m */; };
		D05288DA259338F600C8A2D1 /* Assets.xcassets in Resources */ = {isa = PBXBuildFile; fileRef = D05288D9259338F600C8A2D1 /* Assets.xcassets */; };
		D05288DD259338F600C8A2D1 /* LaunchScreen.storyboard in Resources */ = {isa = PBXBuildFile; fileRef = D05288DB259338F600C8A2D1 /* LaunchScreen.storyboard */; };
		D05288E0259338F600C8A2D1 /* main.m in Sources */ = {isa = PBXBuildFile; fileRef = D05288DF259338F600C8A2D1 /* main.m */; };
		D07F4ADB2594BA3600CA0670 /* HSMainTableBarController.m in Sources */ = {isa = PBXBuildFile; fileRef = D07F4ADA2594BA3600CA0670 /* HSMainTableBarController.m */; };
		D07F4AE32594C02200CA0670 /* HSMyAccountViewController.m in Sources */ = {isa = PBXBuildFile; fileRef = D07F4AE22594C02200CA0670 /* HSMyAccountViewController.m */; };
		D07F4AE62594C04E00CA0670 /* HSCartViewController.m in Sources */ = {isa = PBXBuildFile; fileRef = D07F4AE52594C04E00CA0670 /* HSCartViewController.m */; };
		D07F4AE92594C05E00CA0670 /* HSShopViewController.m in Sources */ = {isa = PBXBuildFile; fileRef = D07F4AE82594C05E00CA0670 /* HSShopViewController.m */; };
		D07F4AEC2594C06D00CA0670 /* HSSortViewController.m in Sources */ = {isa = PBXBuildFile; fileRef = D07F4AEB2594C06D00CA0670 /* HSSortViewController.m */; };
		D07F4AF02594C08900CA0670 /* HSFirstPageViewController.m in Sources */ = {isa = PBXBuildFile; fileRef = D07F4AEF2594C08900CA0670 /* HSFirstPageViewController.m */; };
		D0C843832595D4B500197F8C /* HSNetworkManager.m in Sources */ = {isa = PBXBuildFile; fileRef = D0C843822595D4B500197F8C /* HSNetworkManager.m */; };
		D0C843862595DF6100197F8C /* HSNetworkUrl.m in Sources */ = {isa = PBXBuildFile; fileRef = D0C843852595DF6100197F8C /* HSNetworkUrl.m */; };
		D0C8BEDF2596DEB5008B8D64 /* MyAccount.xcassets in Resources */ = {isa = PBXBuildFile; fileRef = D0C8BEDE2596DEB5008B8D64 /* MyAccount.xcassets */; };
		D0DBB59E2595876C00B31A33 /* HSLoginViewController.m in Sources */ = {isa = PBXBuildFile; fileRef = D0DBB59D2595876C00B31A33 /* HSLoginViewController.m */; };
		D590E466C16D7216F3FFCE40 /* libPods-chaoyangdaojia.a in Frameworks */ = {isa = PBXBuildFile; fileRef = 2A6E0BE3E9F189ADA4EBBB8F /* libPods-chaoyangdaojia.a */; };
/* End PBXBuildFile section */

/* Begin PBXFileReference section */
		0C09EC4C808211ABFC454204 /* Pods-chaoyangdaojia.debug.xcconfig */ = {isa = PBXFileReference; includeInIndex = 1; lastKnownFileType = text.xcconfig; name = "Pods-chaoyangdaojia.debug.xcconfig"; path = "Target Support Files/Pods-chaoyangdaojia/Pods-chaoyangdaojia.debug.xcconfig"; sourceTree = "<group>"; };
		2A6E0BE3E9F189ADA4EBBB8F /* libPods-chaoyangdaojia.a */ = {isa = PBXFileReference; explicitFileType = archive.ar; includeInIndex = 0; path = "libPods-chaoyangdaojia.a"; sourceTree = BUILT_PRODUCTS_DIR; };
		3EBD767773293FBA077A2885 /* Pods-chaoyangdaojia.release.xcconfig */ = {isa = PBXFileReference; includeInIndex = 1; lastKnownFileType = text.xcconfig; name = "Pods-chaoyangdaojia.release.xcconfig"; path = "Target Support Files/Pods-chaoyangdaojia/Pods-chaoyangdaojia.release.xcconfig"; sourceTree = "<group>"; };
		D003017B25983E360068DB6C /* HSAccountDetailTableViewController.h */ = {isa = PBXFileReference; lastKnownFileType = sourcecode.c.h; path = HSAccountDetailTableViewController.h; sourceTree = "<group>"; };
		D003017C25983E360068DB6C /* HSAccountDetailTableViewController.m */ = {isa = PBXFileReference; lastKnownFileType = sourcecode.c.objc; path = HSAccountDetailTableViewController.m; sourceTree = "<group>"; };
		D05288CA259338F100C8A2D1 /* chaoyangdaojia.app */ = {isa = PBXFileReference; explicitFileType = wrapper.application; includeInIndex = 0; path = chaoyangdaojia.app; sourceTree = BUILT_PRODUCTS_DIR; };
		D05288CD259338F100C8A2D1 /* AppDelegate.h */ = {isa = PBXFileReference; lastKnownFileType = sourcecode.c.h; path = AppDelegate.h; sourceTree = "<group>"; };
		D05288CE259338F100C8A2D1 /* AppDelegate.m */ = {isa = PBXFileReference; lastKnownFileType = sourcecode.c.objc; path = AppDelegate.m; sourceTree = "<group>"; };
		D05288D9259338F600C8A2D1 /* Assets.xcassets */ = {isa = PBXFileReference; lastKnownFileType = folder.assetcatalog; path = Assets.xcassets; sourceTree = "<group>"; };
		D05288DC259338F600C8A2D1 /* Base */ = {isa = PBXFileReference; lastKnownFileType = file.storyboard; name = Base; path = Base.lproj/LaunchScreen.storyboard; sourceTree = "<group>"; };
		D05288DE259338F600C8A2D1 /* Info.plist */ = {isa = PBXFileReference; lastKnownFileType = text.plist.xml; path = Info.plist; sourceTree = "<group>"; };
		D05288DF259338F600C8A2D1 /* main.m */ = {isa = PBXFileReference; lastKnownFileType = sourcecode.c.objc; path = main.m; sourceTree = "<group>"; };
		D07F4AD92594BA3600CA0670 /* HSMainTableBarController.h */ = {isa = PBXFileReference; lastKnownFileType = sourcecode.c.h; path = HSMainTableBarController.h; sourceTree = "<group>"; };
		D07F4ADA2594BA3600CA0670 /* HSMainTableBarController.m */ = {isa = PBXFileReference; lastKnownFileType = sourcecode.c.objc; path = HSMainTableBarController.m; sourceTree = "<group>"; };
		D07F4AE12594C02200CA0670 /* HSMyAccountViewController.h */ = {isa = PBXFileReference; lastKnownFileType = sourcecode.c.h; path = HSMyAccountViewController.h; sourceTree = "<group>"; };
		D07F4AE22594C02200CA0670 /* HSMyAccountViewController.m */ = {isa = PBXFileReference; lastKnownFileType = sourcecode.c.objc; path = HSMyAccountViewController.m; sourceTree = "<group>"; };
		D07F4AE42594C04E00CA0670 /* HSCartViewController.h */ = {isa = PBXFileReference; lastKnownFileType = sourcecode.c.h; path = HSCartViewController.h; sourceTree = "<group>"; };
		D07F4AE52594C04E00CA0670 /* HSCartViewController.m */ = {isa = PBXFileReference; lastKnownFileType = sourcecode.c.objc; path = HSCartViewController.m; sourceTree = "<group>"; };
		D07F4AE72594C05E00CA0670 /* HSShopViewController.h */ = {isa = PBXFileReference; lastKnownFileType = sourcecode.c.h; path = HSShopViewController.h; sourceTree = "<group>"; };
		D07F4AE82594C05E00CA0670 /* HSShopViewController.m */ = {isa = PBXFileReference; lastKnownFileType = sourcecode.c.objc; path = HSShopViewController.m; sourceTree = "<group>"; };
		D07F4AEA2594C06D00CA0670 /* HSSortViewController.h */ = {isa = PBXFileReference; lastKnownFileType = sourcecode.c.h; path = HSSortViewController.h; sourceTree = "<group>"; };
		D07F4AEB2594C06D00CA0670 /* HSSortViewController.m */ = {isa = PBXFileReference; lastKnownFileType = sourcecode.c.objc; path = HSSortViewController.m; sourceTree = "<group>"; };
		D07F4AEE2594C08900CA0670 /* HSFirstPageViewController.h */ = {isa = PBXFileReference; lastKnownFileType = sourcecode.c.h; path = HSFirstPageViewController.h; sourceTree = "<group>"; };
		D07F4AEF2594C08900CA0670 /* HSFirstPageViewController.m */ = {isa = PBXFileReference; lastKnownFileType = sourcecode.c.objc; path = HSFirstPageViewController.m; sourceTree = "<group>"; };
		D0C843812595D4B500197F8C /* HSNetworkManager.h */ = {isa = PBXFileReference; lastKnownFileType = sourcecode.c.h; path = HSNetworkManager.h; sourceTree = "<group>"; };
		D0C843822595D4B500197F8C /* HSNetworkManager.m */ = {isa = PBXFileReference; lastKnownFileType = sourcecode.c.objc; path = HSNetworkManager.m; sourceTree = "<group>"; };
		D0C843842595DF6100197F8C /* HSNetworkUrl.h */ = {isa = PBXFileReference; lastKnownFileType = sourcecode.c.h; path = HSNetworkUrl.h; sourceTree = "<group>"; };
		D0C843852595DF6100197F8C /* HSNetworkUrl.m */ = {isa = PBXFileReference; lastKnownFileType = sourcecode.c.objc; path = HSNetworkUrl.m; sourceTree = "<group>"; };
		D0C8BEDE2596DEB5008B8D64 /* MyAccount.xcassets */ = {isa = PBXFileReference; lastKnownFileType = folder.assetcatalog; path = MyAccount.xcassets; sourceTree = "<group>"; };
		D0DBB59C2595876C00B31A33 /* HSLoginViewController.h */ = {isa = PBXFileReference; lastKnownFileType = sourcecode.c.h; path = HSLoginViewController.h; sourceTree = "<group>"; };
		D0DBB59D2595876C00B31A33 /* HSLoginViewController.m */ = {isa = PBXFileReference; lastKnownFileType = sourcecode.c.objc; path = HSLoginViewController.m; sourceTree = "<group>"; };
/* End PBXFileReference section */

/* Begin PBXFrameworksBuildPhase section */
		D05288C7259338F100C8A2D1 /* Frameworks */ = {
			isa = PBXFrameworksBuildPhase;
			buildActionMask = 2147483647;
			files = (
				D590E466C16D7216F3FFCE40 /* libPods-chaoyangdaojia.a in Frameworks */,
			);
			runOnlyForDeploymentPostprocessing = 0;
		};
/* End PBXFrameworksBuildPhase section */

/* Begin PBXGroup section */
		16AED3485BFEF374F73F869B /* Frameworks */ = {
			isa = PBXGroup;
			children = (
				2A6E0BE3E9F189ADA4EBBB8F /* libPods-chaoyangdaojia.a */,
			);
			name = Frameworks;
			sourceTree = "<group>";
		};
		BC7338D0EFD6BD2E5D5AEA3D /* Pods */ = {
			isa = PBXGroup;
			children = (
				0C09EC4C808211ABFC454204 /* Pods-chaoyangdaojia.debug.xcconfig */,
				3EBD767773293FBA077A2885 /* Pods-chaoyangdaojia.release.xcconfig */,
			);
			path = Pods;
			sourceTree = "<group>";
		};
		D05288C1259338F100C8A2D1 = {
			isa = PBXGroup;
			children = (
				D05288CC259338F100C8A2D1 /* chaoyangdaojia */,
				D05288CB259338F100C8A2D1 /* Products */,
				BC7338D0EFD6BD2E5D5AEA3D /* Pods */,
				16AED3485BFEF374F73F869B /* Frameworks */,
			);
			sourceTree = "<group>";
		};
		D05288CB259338F100C8A2D1 /* Products */ = {
			isa = PBXGroup;
			children = (
				D05288CA259338F100C8A2D1 /* chaoyangdaojia.app */,
			);
			name = Products;
			sourceTree = "<group>";
		};
		D05288CC259338F100C8A2D1 /* chaoyangdaojia */ = {
			isa = PBXGroup;
			children = (
				D0DBB59F2595CF4000B31A33 /* Common */,
				D07F4AE02594BCE000CA0670 /* MyAccount */,
				D07F4ADF2594BCC900CA0670 /* Cart */,
				D07F4ADE2594BC9400CA0670 /* Shop */,
				D07F4ADD2594BC3700CA0670 /* Sort */,
				D07F4ADC2594BBCF00CA0670 /* FirstPage */,
				D05288CD259338F100C8A2D1 /* AppDelegate.h */,
				D05288CE259338F100C8A2D1 /* AppDelegate.m */,
				D05288D9259338F600C8A2D1 /* Assets.xcassets */,
				D05288DB259338F600C8A2D1 /* LaunchScreen.storyboard */,
				D05288DE259338F600C8A2D1 /* Info.plist */,
				D05288DF259338F600C8A2D1 /* main.m */,
				D07F4AD92594BA3600CA0670 /* HSMainTableBarController.h */,
				D07F4ADA2594BA3600CA0670 /* HSMainTableBarController.m */,
			);
			path = chaoyangdaojia;
			sourceTree = "<group>";
		};
		D07F4ADC2594BBCF00CA0670 /* FirstPage */ = {
			isa = PBXGroup;
			children = (
				D07F4AEE2594C08900CA0670 /* HSFirstPageViewController.h */,
				D07F4AEF2594C08900CA0670 /* HSFirstPageViewController.m */,
			);
			path = FirstPage;
			sourceTree = "<group>";
		};
		D07F4ADD2594BC3700CA0670 /* Sort */ = {
			isa = PBXGroup;
			children = (
				D07F4AEA2594C06D00CA0670 /* HSSortViewController.h */,
				D07F4AEB2594C06D00CA0670 /* HSSortViewController.m */,
			);
			path = Sort;
			sourceTree = "<group>";
		};
		D07F4ADE2594BC9400CA0670 /* Shop */ = {
			isa = PBXGroup;
			children = (
				D07F4AE72594C05E00CA0670 /* HSShopViewController.h */,
				D07F4AE82594C05E00CA0670 /* HSShopViewController.m */,
			);
			path = Shop;
			sourceTree = "<group>";
		};
		D07F4ADF2594BCC900CA0670 /* Cart */ = {
			isa = PBXGroup;
			children = (
				D07F4AE42594C04E00CA0670 /* HSCartViewController.h */,
				D07F4AE52594C04E00CA0670 /* HSCartViewController.m */,
			);
			path = Cart;
			sourceTree = "<group>";
		};
		D07F4AE02594BCE000CA0670 /* MyAccount */ = {
			isa = PBXGroup;
			children = (
				D07F4AE12594C02200CA0670 /* HSMyAccountViewController.h */,
				D07F4AE22594C02200CA0670 /* HSMyAccountViewController.m */,
				D0DBB59C2595876C00B31A33 /* HSLoginViewController.h */,
				D0DBB59D2595876C00B31A33 /* HSLoginViewController.m */,
				D0C8BEDE2596DEB5008B8D64 /* MyAccount.xcassets */,
				D003017B25983E360068DB6C /* HSAccountDetailTableViewController.h */,
				D003017C25983E360068DB6C /* HSAccountDetailTableViewController.m */,
			);
			path = MyAccount;
			sourceTree = "<group>";
		};
		D0DBB59F2595CF4000B31A33 /* Common */ = {
			isa = PBXGroup;
			children = (
				D0C843812595D4B500197F8C /* HSNetworkManager.h */,
				D0C843822595D4B500197F8C /* HSNetworkManager.m */,
				D0C843842595DF6100197F8C /* HSNetworkUrl.h */,
				D0C843852595DF6100197F8C /* HSNetworkUrl.m */,
			);
			path = Common;
			sourceTree = "<group>";
		};
/* End PBXGroup section */

/* Begin PBXNativeTarget section */
		D05288C9259338F100C8A2D1 /* chaoyangdaojia */ = {
			isa = PBXNativeTarget;
			buildConfigurationList = D05288E3259338F600C8A2D1 /* Build configuration list for PBXNativeTarget "chaoyangdaojia" */;
			buildPhases = (
				364750E368C246F062AE87A6 /* [CP] Check Pods Manifest.lock */,
				D05288C6259338F100C8A2D1 /* Sources */,
				D05288C7259338F100C8A2D1 /* Frameworks */,
				D05288C8259338F100C8A2D1 /* Resources */,
			);
			buildRules = (
			);
			dependencies = (
			);
			name = chaoyangdaojia;
			productName = chaoyangdaojia;
			productReference = D05288CA259338F100C8A2D1 /* chaoyangdaojia.app */;
			productType = "com.apple.product-type.application";
		};
/* End PBXNativeTarget section */

/* Begin PBXProject section */
		D05288C2259338F100C8A2D1 /* Project object */ = {
			isa = PBXProject;
			attributes = {
				LastUpgradeCheck = 1160;
				ORGANIZATIONNAME = hestyle;
				TargetAttributes = {
					D05288C9259338F100C8A2D1 = {
						CreatedOnToolsVersion = 11.6;
					};
				};
			};
			buildConfigurationList = D05288C5259338F100C8A2D1 /* Build configuration list for PBXProject "chaoyangdaojia" */;
			compatibilityVersion = "Xcode 9.3";
			developmentRegion = en;
			hasScannedForEncodings = 0;
			knownRegions = (
				en,
				Base,
			);
			mainGroup = D05288C1259338F100C8A2D1;
			productRefGroup = D05288CB259338F100C8A2D1 /* Products */;
			projectDirPath = "";
			projectRoot = "";
			targets = (
				D05288C9259338F100C8A2D1 /* chaoyangdaojia */,
			);
		};
/* End PBXProject section */

/* Begin PBXResourcesBuildPhase section */
		D05288C8259338F100C8A2D1 /* Resources */ = {
			isa = PBXResourcesBuildPhase;
			buildActionMask = 2147483647;
			files = (
				D05288DD259338F600C8A2D1 /* LaunchScreen.storyboard in Resources */,
				D05288DA259338F600C8A2D1 /* Assets.xcassets in Resources */,
				D0C8BEDF2596DEB5008B8D64 /* MyAccount.xcassets in Resources */,
			);
			runOnlyForDeploymentPostprocessing = 0;
		};
/* End PBXResourcesBuildPhase section */

/* Begin PBXShellScriptBuildPhase section */
		364750E368C246F062AE87A6 /* [CP] Check Pods Manifest.lock */ = {
			isa = PBXShellScriptBuildPhase;
			buildActionMask = 2147483647;
			files = (
			);
			inputFileListPaths = (
			);
			inputPaths = (
				"${PODS_PODFILE_DIR_PATH}/Podfile.lock",
				"${PODS_ROOT}/Manifest.lock",
			);
			name = "[CP] Check Pods Manifest.lock";
			outputFileListPaths = (
			);
			outputPaths = (
				"$(DERIVED_FILE_DIR)/Pods-chaoyangdaojia-checkManifestLockResult.txt",
			);
			runOnlyForDeploymentPostprocessing = 0;
			shellPath = /bin/sh;
			shellScript = "diff \"${PODS_PODFILE_DIR_PATH}/Podfile.lock\" \"${PODS_ROOT}/Manifest.lock\" > /dev/null\nif [ $? != 0 ] ; then\n    # print error to STDERR\n    echo \"error: The sandbox is not in sync with the Podfile.lock. Run 'pod install' or update your CocoaPods installation.\" >&2\n    exit 1\nfi\n# This output is used by Xcode 'outputs' to avoid re-running this script phase.\necho \"SUCCESS\" > \"${SCRIPT_OUTPUT_FILE_0}\"\n";
			showEnvVarsInLog = 0;
		};
/* End PBXShellScriptBuildPhase section */

/* Begin PBXSourcesBuildPhase section */
		D05288C6259338F100C8A2D1 /* Sources */ = {
			isa = PBXSourcesBuildPhase;
			buildActionMask = 2147483647;
			files = (
				D07F4ADB2594BA3600CA0670 /* HSMainTableBarController.m in Sources */,
				D0C843832595D4B500197F8C /* HSNetworkManager.m in Sources */,
				D05288CF259338F100C8A2D1 /* AppDelegate.m in Sources */,
				D0DBB59E2595876C00B31A33 /* HSLoginViewController.m in Sources */,
				D003017D25983E360068DB6C /* HSAccountDetailTableViewController.m in Sources */,
				D07F4AE62594C04E00CA0670 /* HSCartViewController.m in Sources */,
				D0C843862595DF6100197F8C /* HSNetworkUrl.m in Sources */,
				D07F4AEC2594C06D00CA0670 /* HSSortViewController.m in Sources */,
				D07F4AE92594C05E00CA0670 /* HSShopViewController.m in Sources */,
				D07F4AF02594C08900CA0670 /* HSFirstPageViewController.m in Sources */,
				D05288E0259338F600C8A2D1 /* main.m in Sources */,
				D07F4AE32594C02200CA0670 /* HSMyAccountViewController.m in Sources */,
			);
			runOnlyForDeploymentPostprocessing = 0;
		};
/* End PBXSourcesBuildPhase section */

/* Begin PBXVariantGroup section */
		D05288DB259338F600C8A2D1 /* LaunchScreen.storyboard */ = {
			isa = PBXVariantGroup;
			children = (
				D05288DC259338F600C8A2D1 /* Base */,
			);
			name = LaunchScreen.storyboard;
			sourceTree = "<group>";
		};
/* End PBXVariantGroup section */

/* Begin XCBuildConfiguration section */
		D05288E1259338F600C8A2D1 /* Debug */ = {
			isa = XCBuildConfiguration;
			buildSettings = {
				ALWAYS_SEARCH_USER_PATHS = NO;
				CLANG_ANALYZER_NONNULL = YES;
				CLANG_ANALYZER_NUMBER_OBJECT_CONVERSION = YES_AGGRESSIVE;
				CLANG_CXX_LANGUAGE_STANDARD = "gnu++14";
				CLANG_CXX_LIBRARY = "libc++";
				CLANG_ENABLE_MODULES = YES;
				CLANG_ENABLE_OBJC_ARC = YES;
				CLANG_ENABLE_OBJC_WEAK = YES;
				CLANG_WARN_BLOCK_CAPTURE_AUTORELEASING = YES;
				CLANG_WARN_BOOL_CONVERSION = YES;
				CLANG_WARN_COMMA = YES;
				CLANG_WARN_CONSTANT_CONVERSION = YES;
				CLANG_WARN_DEPRECATED_OBJC_IMPLEMENTATIONS = YES;
				CLANG_WARN_DIRECT_OBJC_ISA_USAGE = YES_ERROR;
				CLANG_WARN_DOCUMENTATION_COMMENTS = YES;
				CLANG_WARN_EMPTY_BODY = YES;
				CLANG_WARN_ENUM_CONVERSION = YES;
				CLANG_WARN_INFINITE_RECURSION = YES;
				CLANG_WARN_INT_CONVERSION = YES;
				CLANG_WARN_NON_LITERAL_NULL_CONVERSION = YES;
				CLANG_WARN_OBJC_IMPLICIT_RETAIN_SELF = YES;
				CLANG_WARN_OBJC_LITERAL_CONVERSION = YES;
				CLANG_WARN_OBJC_ROOT_CLASS = YES_ERROR;
				CLANG_WARN_RANGE_LOOP_ANALYSIS = YES;
				CLANG_WARN_STRICT_PROTOTYPES = YES;
				CLANG_WARN_SUSPICIOUS_MOVE = YES;
				CLANG_WARN_UNGUARDED_AVAILABILITY = YES_AGGRESSIVE;
				CLANG_WARN_UNREACHABLE_CODE = YES;
				CLANG_WARN__DUPLICATE_METHOD_MATCH = YES;
				COPY_PHASE_STRIP = NO;
				DEBUG_INFORMATION_FORMAT = dwarf;
				ENABLE_STRICT_OBJC_MSGSEND = YES;
				ENABLE_TESTABILITY = YES;
				GCC_C_LANGUAGE_STANDARD = gnu11;
				GCC_DYNAMIC_NO_PIC = NO;
				GCC_NO_COMMON_BLOCKS = YES;
				GCC_OPTIMIZATION_LEVEL = 0;
				GCC_PREPROCESSOR_DEFINITIONS = (
					"DEBUG=1",
					"$(inherited)",
				);
				GCC_WARN_64_TO_32_BIT_CONVERSION = YES;
				GCC_WARN_ABOUT_RETURN_TYPE = YES_ERROR;
				GCC_WARN_UNDECLARED_SELECTOR = YES;
				GCC_WARN_UNINITIALIZED_AUTOS = YES_AGGRESSIVE;
				GCC_WARN_UNUSED_FUNCTION = YES;
				GCC_WARN_UNUSED_VARIABLE = YES;
				IPHONEOS_DEPLOYMENT_TARGET = 13.6;
				MTL_ENABLE_DEBUG_INFO = INCLUDE_SOURCE;
				MTL_FAST_MATH = YES;
				ONLY_ACTIVE_ARCH = YES;
				SDKROOT = iphoneos;
			};
			name = Debug;
		};
		D05288E2259338F600C8A2D1 /* Release */ = {
			isa = XCBuildConfiguration;
			buildSettings = {
				ALWAYS_SEARCH_USER_PATHS = NO;
				CLANG_ANALYZER_NONNULL = YES;
				CLANG_ANALYZER_NUMBER_OBJECT_CONVERSION = YES_AGGRESSIVE;
				CLANG_CXX_LANGUAGE_STANDARD = "gnu++14";
				CLANG_CXX_LIBRARY = "libc++";
				CLANG_ENABLE_MODULES = YES;
				CLANG_ENABLE_OBJC_ARC = YES;
				CLANG_ENABLE_OBJC_WEAK = YES;
				CLANG_WARN_BLOCK_CAPTURE_AUTORELEASING = YES;
				CLANG_WARN_BOOL_CONVERSION = YES;
				CLANG_WARN_COMMA = YES;
				CLANG_WARN_CONSTANT_CONVERSION = YES;
				CLANG_WARN_DEPRECATED_OBJC_IMPLEMENTATIONS = YES;
				CLANG_WARN_DIRECT_OBJC_ISA_USAGE = YES_ERROR;
				CLANG_WARN_DOCUMENTATION_COMMENTS = YES;
				CLANG_WARN_EMPTY_BODY = YES;
				CLANG_WARN_ENUM_CONVERSION = YES;
				CLANG_WARN_INFINITE_RECURSION = YES;
				CLANG_WARN_INT_CONVERSION = YES;
				CLANG_WARN_NON_LITERAL_NULL_CONVERSION = YES;
				CLANG_WARN_OBJC_IMPLICIT_RETAIN_SELF = YES;
				CLANG_WARN_OBJC_LITERAL_CONVERSION = YES;
				CLANG_WARN_OBJC_ROOT_CLASS = YES_ERROR;
				CLANG_WARN_RANGE_LOOP_ANALYSIS = YES;
				CLANG_WARN_STRICT_PROTOTYPES = YES;
				CLANG_WARN_SUSPICIOUS_MOVE = YES;
				CLANG_WARN_UNGUARDED_AVAILABILITY = YES_AGGRESSIVE;
				CLANG_WARN_UNREACHABLE_CODE = YES;
				CLANG_WARN__DUPLICATE_METHOD_MATCH = YES;
				COPY_PHASE_STRIP = NO;
				DEBUG_INFORMATION_FORMAT = "dwarf-with-dsym";
				ENABLE_NS_ASSERTIONS = NO;
				ENABLE_STRICT_OBJC_MSGSEND = YES;
				GCC_C_LANGUAGE_STANDARD = gnu11;
				GCC_NO_COMMON_BLOCKS = YES;
				GCC_WARN_64_TO_32_BIT_CONVERSION = YES;
				GCC_WARN_ABOUT_RETURN_TYPE = YES_ERROR;
				GCC_WARN_UNDECLARED_SELECTOR = YES;
				GCC_WARN_UNINITIALIZED_AUTOS = YES_AGGRESSIVE;
				GCC_WARN_UNUSED_FUNCTION = YES;
				GCC_WARN_UNUSED_VARIABLE = YES;
				IPHONEOS_DEPLOYMENT_TARGET = 13.6;
				MTL_ENABLE_DEBUG_INFO = NO;
				MTL_FAST_MATH = YES;
				SDKROOT = iphoneos;
				VALIDATE_PRODUCT = YES;
			};
			name = Release;
		};
		D05288E4259338F600C8A2D1 /* Debug */ = {
			isa = XCBuildConfiguration;
			baseConfigurationReference = 0C09EC4C808211ABFC454204 /* Pods-chaoyangdaojia.debug.xcconfig */;
			buildSettings = {
				ASSETCATALOG_COMPILER_APPICON_NAME = AppIcon;
				CODE_SIGN_STYLE = Automatic;
				DEVELOPMENT_TEAM = LGW8UPATA5;
				INFOPLIST_FILE = chaoyangdaojia/Info.plist;
				LD_RUNPATH_SEARCH_PATHS = (
					"$(inherited)",
					"@executable_path/Frameworks",
				);
				PRODUCT_BUNDLE_IDENTIFIER = cn.hestyle.chaoyangdaojia;
				PRODUCT_NAME = "$(TARGET_NAME)";
				TARGETED_DEVICE_FAMILY = "1,2";
			};
			name = Debug;
		};
		D05288E5259338F600C8A2D1 /* Release */ = {
			isa = XCBuildConfiguration;
			baseConfigurationReference = 3EBD767773293FBA077A2885 /* Pods-chaoyangdaojia.release.xcconfig */;
			buildSettings = {
				ASSETCATALOG_COMPILER_APPICON_NAME = AppIcon;
				CODE_SIGN_STYLE = Automatic;
				DEVELOPMENT_TEAM = LGW8UPATA5;
				INFOPLIST_FILE = chaoyangdaojia/Info.plist;
				LD_RUNPATH_SEARCH_PATHS = (
					"$(inherited)",
					"@executable_path/Frameworks",
				);
				PRODUCT_BUNDLE_IDENTIFIER = cn.hestyle.chaoyangdaojia;
				PRODUCT_NAME = "$(TARGET_NAME)";
				TARGETED_DEVICE_FAMILY = "1,2";
			};
			name = Release;
		};
/* End XCBuildConfiguration section */

/* Begin XCConfigurationList section */
		D05288C5259338F100C8A2D1 /* Build configuration list for PBXProject "chaoyangdaojia" */ = {
			isa = XCConfigurationList;
			buildConfigurations = (
				D05288E1259338F600C8A2D1 /* Debug */,
				D05288E2259338F600C8A2D1 /* Release */,
			);
			defaultConfigurationIsVisible = 0;
			defaultConfigurationName = Release;
		};
		D05288E3259338F600C8A2D1 /* Build configuration list for PBXNativeTarget "chaoyangdaojia" */ = {
			isa = XCConfigurationList;
			buildConfigurations = (
				D05288E4259338F600C8A2D1 /* Debug */,
				D05288E5259338F600C8A2D1 /* Release */,
			);
			defaultConfigurationIsVisible = 0;
			defaultConfigurationName = Release;
		};
/* End XCConfigurationList section */
	};
	rootObject = D05288C2259338F100C8A2D1 /* Project object */;
}
