// !$*UTF8*$!
{
	archiveVersion = 1;
	classes = {
	};
	objectVersion = 50;
	objects = {

/* Begin PBXBuildFile section */
		D003017D25983E360068DB6C /* HSMyDetailTableViewController.m in Sources */ = {isa = PBXBuildFile; fileRef = D003017C25983E360068DB6C /* HSMyDetailTableViewController.m */; };
		D00F7E0725AD3D7D003D6BC6 /* HSMemberExplainViewController.m in Sources */ = {isa = PBXBuildFile; fileRef = D00F7E0625AD3D7D003D6BC6 /* HSMemberExplainViewController.m */; };
		D00F7E0A25AD423F003D6BC6 /* HSExchangeBalanceViewController.m in Sources */ = {isa = PBXBuildFile; fileRef = D00F7E0925AD423F003D6BC6 /* HSExchangeBalanceViewController.m */; };
		D00F7E0D25ADB34F003D6BC6 /* HSMemberPointDetailTableViewController.m in Sources */ = {isa = PBXBuildFile; fileRef = D00F7E0C25ADB34F003D6BC6 /* HSMemberPointDetailTableViewController.m */; };
		D01B8F8925B7C1D300C5A317 /* HSMemberWalletViewController.m in Sources */ = {isa = PBXBuildFile; fileRef = D01B8F8825B7C1D300C5A317 /* HSMemberWalletViewController.m */; };
		D01B8F8C25B7CFE900C5A317 /* HSMemberWalletDetailTableViewController.m in Sources */ = {isa = PBXBuildFile; fileRef = D01B8F8B25B7CFE900C5A317 /* HSMemberWalletDetailTableViewController.m */; };
		D01B8F8F25B7D3DE00C5A317 /* HSRechargeViewController.m in Sources */ = {isa = PBXBuildFile; fileRef = D01B8F8E25B7D3DE00C5A317 /* HSRechargeViewController.m */; };
		D01B8F9225B80DEF00C5A317 /* HSWithDrawalViewController.m in Sources */ = {isa = PBXBuildFile; fileRef = D01B8F9125B80DEF00C5A317 /* HSWithDrawalViewController.m */; };
		D04360D825AC4DFD00C04580 /* HSMemberPointViewController.m in Sources */ = {isa = PBXBuildFile; fileRef = D04360D725AC4DFD00C04580 /* HSMemberPointViewController.m */; };
		D05288CF259338F100C8A2D1 /* AppDelegate.m in Sources */ = {isa = PBXBuildFile; fileRef = D05288CE259338F100C8A2D1 /* AppDelegate.m */; };
		D05288DA259338F600C8A2D1 /* Assets.xcassets in Resources */ = {isa = PBXBuildFile; fileRef = D05288D9259338F600C8A2D1 /* Assets.xcassets */; };
		D05288DD259338F600C8A2D1 /* LaunchScreen.storyboard in Resources */ = {isa = PBXBuildFile; fileRef = D05288DB259338F600C8A2D1 /* LaunchScreen.storyboard */; };
		D05288E0259338F600C8A2D1 /* main.m in Sources */ = {isa = PBXBuildFile; fileRef = D05288DF259338F600C8A2D1 /* main.m */; };
		D05712CB259A022C005B4A7A /* HSFriendBirthdayEditViewController.m in Sources */ = {isa = PBXBuildFile; fileRef = D05712CA259A022C005B4A7A /* HSFriendBirthdayEditViewController.m */; };
		D06DA605259D669000C64B7C /* HSFriendBirthday.m in Sources */ = {isa = PBXBuildFile; fileRef = D06DA604259D669000C64B7C /* HSFriendBirthday.m */; };
		D07F4ADB2594BA3600CA0670 /* HSMainTableBarController.m in Sources */ = {isa = PBXBuildFile; fileRef = D07F4ADA2594BA3600CA0670 /* HSMainTableBarController.m */; };
		D07F4AE32594C02200CA0670 /* HSMyViewController.m in Sources */ = {isa = PBXBuildFile; fileRef = D07F4AE22594C02200CA0670 /* HSMyViewController.m */; };
		D07F4AE62594C04E00CA0670 /* HSCartViewController.m in Sources */ = {isa = PBXBuildFile; fileRef = D07F4AE52594C04E00CA0670 /* HSCartViewController.m */; };
		D0894CD325B11C9000424664 /* HSFirstCollectionViewController.m in Sources */ = {isa = PBXBuildFile; fileRef = D0894CD225B11C9000424664 /* HSFirstCollectionViewController.m */; };
		D0894CD525B1CDB200424664 /* first.xcassets in Resources */ = {isa = PBXBuildFile; fileRef = D0894CD425B1CDB200424664 /* first.xcassets */; };
		D0903DFD2599BC750010DE58 /* HSFriendBirthdayRemindTableViewController.m in Sources */ = {isa = PBXBuildFile; fileRef = D0903DFC2599BC750010DE58 /* HSFriendBirthdayRemindTableViewController.m */; };
		D092614F25B4347900B3C1A7 /* HSSortCollectionViewController.m in Sources */ = {isa = PBXBuildFile; fileRef = D092614E25B4347900B3C1A7 /* HSSortCollectionViewController.m */; };
		D0986B8A25A1D37200D47929 /* HSPayPasswordSettingViewController.m in Sources */ = {isa = PBXBuildFile; fileRef = D0986B8825A1D37200D47929 /* HSPayPasswordSettingViewController.m */; };
		D0986B8D25A1F06500D47929 /* HSCommonProblemTableViewController.m in Sources */ = {isa = PBXBuildFile; fileRef = D0986B8C25A1F06500D47929 /* HSCommonProblemTableViewController.m */; };
		D0986B9325A1F8E900D47929 /* HSCommonProblemDetailViewController.m in Sources */ = {isa = PBXBuildFile; fileRef = D0986B9225A1F8E900D47929 /* HSCommonProblemDetailViewController.m */; };
		D0BCBF5425B56A6B00A2DA7D /* HSQiangGouTableViewController.m in Sources */ = {isa = PBXBuildFile; fileRef = D0BCBF5325B56A6B00A2DA7D /* HSQiangGouTableViewController.m */; };
		D0BCBF5A25B5A70700A2DA7D /* HSPinTuanTableViewController.m in Sources */ = {isa = PBXBuildFile; fileRef = D0BCBF5925B5A70700A2DA7D /* HSPinTuanTableViewController.m */; };
		D0BCBF5D25B5B7DA00A2DA7D /* HSBannerDetailViewController.m in Sources */ = {isa = PBXBuildFile; fileRef = D0BCBF5C25B5B7DA00A2DA7D /* HSBannerDetailViewController.m */; };
		D0C843832595D4B500197F8C /* HSNetworkManager.m in Sources */ = {isa = PBXBuildFile; fileRef = D0C843822595D4B500197F8C /* HSNetworkManager.m */; };
		D0C843862595DF6100197F8C /* HSNetworkUrl.m in Sources */ = {isa = PBXBuildFile; fileRef = D0C843852595DF6100197F8C /* HSNetworkUrl.m */; };
		D0C8BEDF2596DEB5008B8D64 /* MyAccount.xcassets in Resources */ = {isa = PBXBuildFile; fileRef = D0C8BEDE2596DEB5008B8D64 /* MyAccount.xcassets */; };
		D0D427D325AE83CB003DD646 /* HSShopTableViewController.m in Sources */ = {isa = PBXBuildFile; fileRef = D0D427D225AE83CB003DD646 /* HSShopTableViewController.m */; };
		D0D427D925AF094E003DD646 /* HSShopDetailCollectionViewController.m in Sources */ = {isa = PBXBuildFile; fileRef = D0D427D825AF094E003DD646 /* HSShopDetailCollectionViewController.m */; };
		D0DBB59E2595876C00B31A33 /* HSLoginViewController.m in Sources */ = {isa = PBXBuildFile; fileRef = D0DBB59D2595876C00B31A33 /* HSLoginViewController.m */; };
		D0DC6FA325A0574900B501C8 /* HSSettingsTableViewController.m in Sources */ = {isa = PBXBuildFile; fileRef = D0DC6FA225A0574900B501C8 /* HSSettingsTableViewController.m */; };
		D0E5984325A2A51200FEFE4B /* HSFeedbackViewController.m in Sources */ = {isa = PBXBuildFile; fileRef = D0E5984225A2A51200FEFE4B /* HSFeedbackViewController.m */; };
		D0E5984625A2BF7800FEFE4B /* HSAboutUsViewController.m in Sources */ = {isa = PBXBuildFile; fileRef = D0E5984525A2BF7800FEFE4B /* HSAboutUsViewController.m */; };
		D0E5984925A3042400FEFE4B /* HSUserPolicyViewController.m in Sources */ = {isa = PBXBuildFile; fileRef = D0E5984825A3042400FEFE4B /* HSUserPolicyViewController.m */; };
		D0E5985125A33DF100FEFE4B /* HSUserAccountManger.m in Sources */ = {isa = PBXBuildFile; fileRef = D0E5985025A33DF100FEFE4B /* HSUserAccountManger.m */; };
		D0FF2AE525B68B480097CF17 /* HSCategoryDetailViewController.m in Sources */ = {isa = PBXBuildFile; fileRef = D0FF2AE425B68B480097CF17 /* HSCategoryDetailViewController.m */; };
		D590E466C16D7216F3FFCE40 /* libPods-chaoyangdaojia.a in Frameworks */ = {isa = PBXBuildFile; fileRef = 2A6E0BE3E9F189ADA4EBBB8F /* libPods-chaoyangdaojia.a */; };
/* End PBXBuildFile section */

/* Begin PBXFileReference section */
		0C09EC4C808211ABFC454204 /* Pods-chaoyangdaojia.debug.xcconfig */ = {isa = PBXFileReference; includeInIndex = 1; lastKnownFileType = text.xcconfig; name = "Pods-chaoyangdaojia.debug.xcconfig"; path = "Target Support Files/Pods-chaoyangdaojia/Pods-chaoyangdaojia.debug.xcconfig"; sourceTree = "<group>"; };
		2A6E0BE3E9F189ADA4EBBB8F /* libPods-chaoyangdaojia.a */ = {isa = PBXFileReference; explicitFileType = archive.ar; includeInIndex = 0; path = "libPods-chaoyangdaojia.a"; sourceTree = BUILT_PRODUCTS_DIR; };
		3EBD767773293FBA077A2885 /* Pods-chaoyangdaojia.release.xcconfig */ = {isa = PBXFileReference; includeInIndex = 1; lastKnownFileType = text.xcconfig; name = "Pods-chaoyangdaojia.release.xcconfig"; path = "Target Support Files/Pods-chaoyangdaojia/Pods-chaoyangdaojia.release.xcconfig"; sourceTree = "<group>"; };
		D003017B25983E360068DB6C /* HSMyDetailTableViewController.h */ = {isa = PBXFileReference; lastKnownFileType = sourcecode.c.h; path = HSMyDetailTableViewController.h; sourceTree = "<group>"; };
		D003017C25983E360068DB6C /* HSMyDetailTableViewController.m */ = {isa = PBXFileReference; lastKnownFileType = sourcecode.c.objc; path = HSMyDetailTableViewController.m; sourceTree = "<group>"; };
		D00F7E0525AD3D7D003D6BC6 /* HSMemberExplainViewController.h */ = {isa = PBXFileReference; lastKnownFileType = sourcecode.c.h; path = HSMemberExplainViewController.h; sourceTree = "<group>"; };
		D00F7E0625AD3D7D003D6BC6 /* HSMemberExplainViewController.m */ = {isa = PBXFileReference; lastKnownFileType = sourcecode.c.objc; path = HSMemberExplainViewController.m; sourceTree = "<group>"; };
		D00F7E0825AD423F003D6BC6 /* HSExchangeBalanceViewController.h */ = {isa = PBXFileReference; lastKnownFileType = sourcecode.c.h; path = HSExchangeBalanceViewController.h; sourceTree = "<group>"; };
		D00F7E0925AD423F003D6BC6 /* HSExchangeBalanceViewController.m */ = {isa = PBXFileReference; lastKnownFileType = sourcecode.c.objc; path = HSExchangeBalanceViewController.m; sourceTree = "<group>"; };
		D00F7E0B25ADB34F003D6BC6 /* HSMemberPointDetailTableViewController.h */ = {isa = PBXFileReference; lastKnownFileType = sourcecode.c.h; path = HSMemberPointDetailTableViewController.h; sourceTree = "<group>"; };
		D00F7E0C25ADB34F003D6BC6 /* HSMemberPointDetailTableViewController.m */ = {isa = PBXFileReference; lastKnownFileType = sourcecode.c.objc; path = HSMemberPointDetailTableViewController.m; sourceTree = "<group>"; };
		D01B8F8725B7C1D300C5A317 /* HSMemberWalletViewController.h */ = {isa = PBXFileReference; lastKnownFileType = sourcecode.c.h; path = HSMemberWalletViewController.h; sourceTree = "<group>"; };
		D01B8F8825B7C1D300C5A317 /* HSMemberWalletViewController.m */ = {isa = PBXFileReference; lastKnownFileType = sourcecode.c.objc; path = HSMemberWalletViewController.m; sourceTree = "<group>"; };
		D01B8F8A25B7CFE900C5A317 /* HSMemberWalletDetailTableViewController.h */ = {isa = PBXFileReference; lastKnownFileType = sourcecode.c.h; path = HSMemberWalletDetailTableViewController.h; sourceTree = "<group>"; };
		D01B8F8B25B7CFE900C5A317 /* HSMemberWalletDetailTableViewController.m */ = {isa = PBXFileReference; lastKnownFileType = sourcecode.c.objc; path = HSMemberWalletDetailTableViewController.m; sourceTree = "<group>"; };
		D01B8F8D25B7D3DE00C5A317 /* HSRechargeViewController.h */ = {isa = PBXFileReference; lastKnownFileType = sourcecode.c.h; path = HSRechargeViewController.h; sourceTree = "<group>"; };
		D01B8F8E25B7D3DE00C5A317 /* HSRechargeViewController.m */ = {isa = PBXFileReference; lastKnownFileType = sourcecode.c.objc; path = HSRechargeViewController.m; sourceTree = "<group>"; };
		D01B8F9025B80DEF00C5A317 /* HSWithDrawalViewController.h */ = {isa = PBXFileReference; lastKnownFileType = sourcecode.c.h; path = HSWithDrawalViewController.h; sourceTree = "<group>"; };
		D01B8F9125B80DEF00C5A317 /* HSWithDrawalViewController.m */ = {isa = PBXFileReference; lastKnownFileType = sourcecode.c.objc; path = HSWithDrawalViewController.m; sourceTree = "<group>"; };
		D04360D425AC305100C04580 /* HSNetwork.h */ = {isa = PBXFileReference; lastKnownFileType = sourcecode.c.h; path = HSNetwork.h; sourceTree = "<group>"; };
		D04360D625AC4DFD00C04580 /* HSMemberPointViewController.h */ = {isa = PBXFileReference; lastKnownFileType = sourcecode.c.h; path = HSMemberPointViewController.h; sourceTree = "<group>"; };
		D04360D725AC4DFD00C04580 /* HSMemberPointViewController.m */ = {isa = PBXFileReference; lastKnownFileType = sourcecode.c.objc; path = HSMemberPointViewController.m; sourceTree = "<group>"; };
		D05288CA259338F100C8A2D1 /* chaoyangdaojia.app */ = {isa = PBXFileReference; explicitFileType = wrapper.application; includeInIndex = 0; path = chaoyangdaojia.app; sourceTree = BUILT_PRODUCTS_DIR; };
		D05288CD259338F100C8A2D1 /* AppDelegate.h */ = {isa = PBXFileReference; lastKnownFileType = sourcecode.c.h; path = AppDelegate.h; sourceTree = "<group>"; };
		D05288CE259338F100C8A2D1 /* AppDelegate.m */ = {isa = PBXFileReference; lastKnownFileType = sourcecode.c.objc; path = AppDelegate.m; sourceTree = "<group>"; };
		D05288D9259338F600C8A2D1 /* Assets.xcassets */ = {isa = PBXFileReference; lastKnownFileType = folder.assetcatalog; path = Assets.xcassets; sourceTree = "<group>"; };
		D05288DC259338F600C8A2D1 /* Base */ = {isa = PBXFileReference; lastKnownFileType = file.storyboard; name = Base; path = Base.lproj/LaunchScreen.storyboard; sourceTree = "<group>"; };
		D05288DE259338F600C8A2D1 /* Info.plist */ = {isa = PBXFileReference; lastKnownFileType = text.plist.xml; path = Info.plist; sourceTree = "<group>"; };
		D05288DF259338F600C8A2D1 /* main.m */ = {isa = PBXFileReference; lastKnownFileType = sourcecode.c.objc; path = main.m; sourceTree = "<group>"; };
		D05712C9259A022C005B4A7A /* HSFriendBirthdayEditViewController.h */ = {isa = PBXFileReference; lastKnownFileType = sourcecode.c.h; path = HSFriendBirthdayEditViewController.h; sourceTree = "<group>"; };
		D05712CA259A022C005B4A7A /* HSFriendBirthdayEditViewController.m */ = {isa = PBXFileReference; lastKnownFileType = sourcecode.c.objc; path = HSFriendBirthdayEditViewController.m; sourceTree = "<group>"; };
		D06DA603259D669000C64B7C /* HSFriendBirthday.h */ = {isa = PBXFileReference; lastKnownFileType = sourcecode.c.h; path = HSFriendBirthday.h; sourceTree = "<group>"; };
		D06DA604259D669000C64B7C /* HSFriendBirthday.m */ = {isa = PBXFileReference; lastKnownFileType = sourcecode.c.objc; path = HSFriendBirthday.m; sourceTree = "<group>"; };
		D07F4AD92594BA3600CA0670 /* HSMainTableBarController.h */ = {isa = PBXFileReference; lastKnownFileType = sourcecode.c.h; path = HSMainTableBarController.h; sourceTree = "<group>"; };
		D07F4ADA2594BA3600CA0670 /* HSMainTableBarController.m */ = {isa = PBXFileReference; lastKnownFileType = sourcecode.c.objc; path = HSMainTableBarController.m; sourceTree = "<group>"; };
		D07F4AE12594C02200CA0670 /* HSMyViewController.h */ = {isa = PBXFileReference; lastKnownFileType = sourcecode.c.h; path = HSMyViewController.h; sourceTree = "<group>"; };
		D07F4AE22594C02200CA0670 /* HSMyViewController.m */ = {isa = PBXFileReference; lastKnownFileType = sourcecode.c.objc; path = HSMyViewController.m; sourceTree = "<group>"; };
		D07F4AE42594C04E00CA0670 /* HSCartViewController.h */ = {isa = PBXFileReference; lastKnownFileType = sourcecode.c.h; path = HSCartViewController.h; sourceTree = "<group>"; };
		D07F4AE52594C04E00CA0670 /* HSCartViewController.m */ = {isa = PBXFileReference; lastKnownFileType = sourcecode.c.objc; path = HSCartViewController.m; sourceTree = "<group>"; };
		D0894CD125B11C9000424664 /* HSFirstCollectionViewController.h */ = {isa = PBXFileReference; lastKnownFileType = sourcecode.c.h; path = HSFirstCollectionViewController.h; sourceTree = "<group>"; };
		D0894CD225B11C9000424664 /* HSFirstCollectionViewController.m */ = {isa = PBXFileReference; lastKnownFileType = sourcecode.c.objc; path = HSFirstCollectionViewController.m; sourceTree = "<group>"; };
		D0894CD425B1CDB200424664 /* first.xcassets */ = {isa = PBXFileReference; lastKnownFileType = folder.assetcatalog; path = first.xcassets; sourceTree = "<group>"; };
		D0903DFB2599BC750010DE58 /* HSFriendBirthdayRemindTableViewController.h */ = {isa = PBXFileReference; lastKnownFileType = sourcecode.c.h; path = HSFriendBirthdayRemindTableViewController.h; sourceTree = "<group>"; };
		D0903DFC2599BC750010DE58 /* HSFriendBirthdayRemindTableViewController.m */ = {isa = PBXFileReference; lastKnownFileType = sourcecode.c.objc; path = HSFriendBirthdayRemindTableViewController.m; sourceTree = "<group>"; };
		D092614D25B4347900B3C1A7 /* HSSortCollectionViewController.h */ = {isa = PBXFileReference; lastKnownFileType = sourcecode.c.h; path = HSSortCollectionViewController.h; sourceTree = "<group>"; };
		D092614E25B4347900B3C1A7 /* HSSortCollectionViewController.m */ = {isa = PBXFileReference; lastKnownFileType = sourcecode.c.objc; path = HSSortCollectionViewController.m; sourceTree = "<group>"; };
		D0986B8825A1D37200D47929 /* HSPayPasswordSettingViewController.m */ = {isa = PBXFileReference; fileEncoding = 4; lastKnownFileType = sourcecode.c.objc; path = HSPayPasswordSettingViewController.m; sourceTree = "<group>"; };
		D0986B8925A1D37200D47929 /* HSPayPasswordSettingViewController.h */ = {isa = PBXFileReference; fileEncoding = 4; lastKnownFileType = sourcecode.c.h; path = HSPayPasswordSettingViewController.h; sourceTree = "<group>"; };
		D0986B8B25A1F06500D47929 /* HSCommonProblemTableViewController.h */ = {isa = PBXFileReference; lastKnownFileType = sourcecode.c.h; path = HSCommonProblemTableViewController.h; sourceTree = "<group>"; };
		D0986B8C25A1F06500D47929 /* HSCommonProblemTableViewController.m */ = {isa = PBXFileReference; lastKnownFileType = sourcecode.c.objc; path = HSCommonProblemTableViewController.m; sourceTree = "<group>"; };
		D0986B9125A1F8E900D47929 /* HSCommonProblemDetailViewController.h */ = {isa = PBXFileReference; lastKnownFileType = sourcecode.c.h; path = HSCommonProblemDetailViewController.h; sourceTree = "<group>"; };
		D0986B9225A1F8E900D47929 /* HSCommonProblemDetailViewController.m */ = {isa = PBXFileReference; lastKnownFileType = sourcecode.c.objc; path = HSCommonProblemDetailViewController.m; sourceTree = "<group>"; };
		D0BCBF5225B56A6B00A2DA7D /* HSQiangGouTableViewController.h */ = {isa = PBXFileReference; lastKnownFileType = sourcecode.c.h; path = HSQiangGouTableViewController.h; sourceTree = "<group>"; };
		D0BCBF5325B56A6B00A2DA7D /* HSQiangGouTableViewController.m */ = {isa = PBXFileReference; lastKnownFileType = sourcecode.c.objc; path = HSQiangGouTableViewController.m; sourceTree = "<group>"; };
		D0BCBF5825B5A70700A2DA7D /* HSPinTuanTableViewController.h */ = {isa = PBXFileReference; lastKnownFileType = sourcecode.c.h; path = HSPinTuanTableViewController.h; sourceTree = "<group>"; };
		D0BCBF5925B5A70700A2DA7D /* HSPinTuanTableViewController.m */ = {isa = PBXFileReference; lastKnownFileType = sourcecode.c.objc; path = HSPinTuanTableViewController.m; sourceTree = "<group>"; };
		D0BCBF5B25B5B7DA00A2DA7D /* HSBannerDetailViewController.h */ = {isa = PBXFileReference; lastKnownFileType = sourcecode.c.h; path = HSBannerDetailViewController.h; sourceTree = "<group>"; };
		D0BCBF5C25B5B7DA00A2DA7D /* HSBannerDetailViewController.m */ = {isa = PBXFileReference; lastKnownFileType = sourcecode.c.objc; path = HSBannerDetailViewController.m; sourceTree = "<group>"; };
		D0C843812595D4B500197F8C /* HSNetworkManager.h */ = {isa = PBXFileReference; lastKnownFileType = sourcecode.c.h; path = HSNetworkManager.h; sourceTree = "<group>"; };
		D0C843822595D4B500197F8C /* HSNetworkManager.m */ = {isa = PBXFileReference; lastKnownFileType = sourcecode.c.objc; path = HSNetworkManager.m; sourceTree = "<group>"; };
		D0C843842595DF6100197F8C /* HSNetworkUrl.h */ = {isa = PBXFileReference; lastKnownFileType = sourcecode.c.h; path = HSNetworkUrl.h; sourceTree = "<group>"; };
		D0C843852595DF6100197F8C /* HSNetworkUrl.m */ = {isa = PBXFileReference; lastKnownFileType = sourcecode.c.objc; path = HSNetworkUrl.m; sourceTree = "<group>"; };
		D0C8BEDE2596DEB5008B8D64 /* MyAccount.xcassets */ = {isa = PBXFileReference; lastKnownFileType = folder.assetcatalog; path = MyAccount.xcassets; sourceTree = "<group>"; };
		D0D427D125AE83CB003DD646 /* HSShopTableViewController.h */ = {isa = PBXFileReference; lastKnownFileType = sourcecode.c.h; path = HSShopTableViewController.h; sourceTree = "<group>"; };
		D0D427D225AE83CB003DD646 /* HSShopTableViewController.m */ = {isa = PBXFileReference; lastKnownFileType = sourcecode.c.objc; path = HSShopTableViewController.m; sourceTree = "<group>"; };
		D0D427D725AF094E003DD646 /* HSShopDetailCollectionViewController.h */ = {isa = PBXFileReference; lastKnownFileType = sourcecode.c.h; path = HSShopDetailCollectionViewController.h; sourceTree = "<group>"; };
		D0D427D825AF094E003DD646 /* HSShopDetailCollectionViewController.m */ = {isa = PBXFileReference; lastKnownFileType = sourcecode.c.objc; path = HSShopDetailCollectionViewController.m; sourceTree = "<group>"; };
		D0DBB59C2595876C00B31A33 /* HSLoginViewController.h */ = {isa = PBXFileReference; lastKnownFileType = sourcecode.c.h; path = HSLoginViewController.h; sourceTree = "<group>"; };
		D0DBB59D2595876C00B31A33 /* HSLoginViewController.m */ = {isa = PBXFileReference; lastKnownFileType = sourcecode.c.objc; path = HSLoginViewController.m; sourceTree = "<group>"; };
		D0DC6FA125A0574900B501C8 /* HSSettingsTableViewController.h */ = {isa = PBXFileReference; lastKnownFileType = sourcecode.c.h; path = HSSettingsTableViewController.h; sourceTree = "<group>"; };
		D0DC6FA225A0574900B501C8 /* HSSettingsTableViewController.m */ = {isa = PBXFileReference; lastKnownFileType = sourcecode.c.objc; path = HSSettingsTableViewController.m; sourceTree = "<group>"; };
		D0E5984125A2A51200FEFE4B /* HSFeedbackViewController.h */ = {isa = PBXFileReference; lastKnownFileType = sourcecode.c.h; path = HSFeedbackViewController.h; sourceTree = "<group>"; };
		D0E5984225A2A51200FEFE4B /* HSFeedbackViewController.m */ = {isa = PBXFileReference; lastKnownFileType = sourcecode.c.objc; path = HSFeedbackViewController.m; sourceTree = "<group>"; };
		D0E5984425A2BF7800FEFE4B /* HSAboutUsViewController.h */ = {isa = PBXFileReference; lastKnownFileType = sourcecode.c.h; path = HSAboutUsViewController.h; sourceTree = "<group>"; };
		D0E5984525A2BF7800FEFE4B /* HSAboutUsViewController.m */ = {isa = PBXFileReference; lastKnownFileType = sourcecode.c.objc; path = HSAboutUsViewController.m; sourceTree = "<group>"; };
		D0E5984725A3042400FEFE4B /* HSUserPolicyViewController.h */ = {isa = PBXFileReference; lastKnownFileType = sourcecode.c.h; path = HSUserPolicyViewController.h; sourceTree = "<group>"; };
		D0E5984825A3042400FEFE4B /* HSUserPolicyViewController.m */ = {isa = PBXFileReference; lastKnownFileType = sourcecode.c.objc; path = HSUserPolicyViewController.m; sourceTree = "<group>"; };
		D0E5984B25A33C3200FEFE4B /* HSAccount.h */ = {isa = PBXFileReference; lastKnownFileType = sourcecode.c.h; path = HSAccount.h; sourceTree = "<group>"; };
		D0E5984F25A33DF100FEFE4B /* HSUserAccountManger.h */ = {isa = PBXFileReference; lastKnownFileType = sourcecode.c.h; path = HSUserAccountManger.h; sourceTree = "<group>"; };
		D0E5985025A33DF100FEFE4B /* HSUserAccountManger.m */ = {isa = PBXFileReference; lastKnownFileType = sourcecode.c.objc; path = HSUserAccountManger.m; sourceTree = "<group>"; };
		D0FF2AE325B68B480097CF17 /* HSCategoryDetailViewController.h */ = {isa = PBXFileReference; lastKnownFileType = sourcecode.c.h; path = HSCategoryDetailViewController.h; sourceTree = "<group>"; };
		D0FF2AE425B68B480097CF17 /* HSCategoryDetailViewController.m */ = {isa = PBXFileReference; lastKnownFileType = sourcecode.c.objc; path = HSCategoryDetailViewController.m; sourceTree = "<group>"; };
/* End PBXFileReference section */

/* Begin PBXFrameworksBuildPhase section */
		D05288C7259338F100C8A2D1 /* Frameworks */ = {
			isa = PBXFrameworksBuildPhase;
			buildActionMask = 2147483647;
			files = (
				D590E466C16D7216F3FFCE40 /* libPods-chaoyangdaojia.a in Frameworks */,
			);
			runOnlyForDeploymentPostprocessing = 0;
		};
/* End PBXFrameworksBuildPhase section */

/* Begin PBXGroup section */
		16AED3485BFEF374F73F869B /* Frameworks */ = {
			isa = PBXGroup;
			children = (
				2A6E0BE3E9F189ADA4EBBB8F /* libPods-chaoyangdaojia.a */,
			);
			name = Frameworks;
			sourceTree = "<group>";
		};
		BC7338D0EFD6BD2E5D5AEA3D /* Pods */ = {
			isa = PBXGroup;
			children = (
				0C09EC4C808211ABFC454204 /* Pods-chaoyangdaojia.debug.xcconfig */,
				3EBD767773293FBA077A2885 /* Pods-chaoyangdaojia.release.xcconfig */,
			);
			path = Pods;
			sourceTree = "<group>";
		};
		D01B8F8625B7C1B300C5A317 /* MemberWallet */ = {
			isa = PBXGroup;
			children = (
				D01B8F8725B7C1D300C5A317 /* HSMemberWalletViewController.h */,
				D01B8F8825B7C1D300C5A317 /* HSMemberWalletViewController.m */,
				D01B8F8A25B7CFE900C5A317 /* HSMemberWalletDetailTableViewController.h */,
				D01B8F8B25B7CFE900C5A317 /* HSMemberWalletDetailTableViewController.m */,
				D01B8F8D25B7D3DE00C5A317 /* HSRechargeViewController.h */,
				D01B8F8E25B7D3DE00C5A317 /* HSRechargeViewController.m */,
				D01B8F9025B80DEF00C5A317 /* HSWithDrawalViewController.h */,
				D01B8F9125B80DEF00C5A317 /* HSWithDrawalViewController.m */,
			);
			path = MemberWallet;
			sourceTree = "<group>";
		};
		D04360D525AC4D5600C04580 /* MemberPoint */ = {
			isa = PBXGroup;
			children = (
				D04360D625AC4DFD00C04580 /* HSMemberPointViewController.h */,
				D04360D725AC4DFD00C04580 /* HSMemberPointViewController.m */,
				D00F7E0525AD3D7D003D6BC6 /* HSMemberExplainViewController.h */,
				D00F7E0625AD3D7D003D6BC6 /* HSMemberExplainViewController.m */,
				D00F7E0825AD423F003D6BC6 /* HSExchangeBalanceViewController.h */,
				D00F7E0925AD423F003D6BC6 /* HSExchangeBalanceViewController.m */,
				D00F7E0B25ADB34F003D6BC6 /* HSMemberPointDetailTableViewController.h */,
				D00F7E0C25ADB34F003D6BC6 /* HSMemberPointDetailTableViewController.m */,
			);
			path = MemberPoint;
			sourceTree = "<group>";
		};
		D05288C1259338F100C8A2D1 = {
			isa = PBXGroup;
			children = (
				D05288CC259338F100C8A2D1 /* chaoyangdaojia */,
				D05288CB259338F100C8A2D1 /* Products */,
				BC7338D0EFD6BD2E5D5AEA3D /* Pods */,
				16AED3485BFEF374F73F869B /* Frameworks */,
			);
			sourceTree = "<group>";
		};
		D05288CB259338F100C8A2D1 /* Products */ = {
			isa = PBXGroup;
			children = (
				D05288CA259338F100C8A2D1 /* chaoyangdaojia.app */,
			);
			name = Products;
			sourceTree = "<group>";
		};
		D05288CC259338F100C8A2D1 /* chaoyangdaojia */ = {
			isa = PBXGroup;
			children = (
				D0E5984A25A33B5F00FEFE4B /* HSAccount */,
				D06DA602259D666600C64B7C /* Model */,
				D0DBB59F2595CF4000B31A33 /* HSNetwork */,
				D07F4AE02594BCE000CA0670 /* MyPage */,
				D07F4ADF2594BCC900CA0670 /* CartPage */,
				D07F4ADE2594BC9400CA0670 /* ShopPage */,
				D07F4ADD2594BC3700CA0670 /* SortPage */,
				D07F4ADC2594BBCF00CA0670 /* FirstPage */,
				D05288CD259338F100C8A2D1 /* AppDelegate.h */,
				D05288CE259338F100C8A2D1 /* AppDelegate.m */,
				D05288D9259338F600C8A2D1 /* Assets.xcassets */,
				D05288DB259338F600C8A2D1 /* LaunchScreen.storyboard */,
				D05288DE259338F600C8A2D1 /* Info.plist */,
				D05288DF259338F600C8A2D1 /* main.m */,
				D07F4AD92594BA3600CA0670 /* HSMainTableBarController.h */,
				D07F4ADA2594BA3600CA0670 /* HSMainTableBarController.m */,
			);
			path = chaoyangdaojia;
			sourceTree = "<group>";
		};
		D05712C8259A013B005B4A7A /* FriendBirthday */ = {
			isa = PBXGroup;
			children = (
				D0903DFB2599BC750010DE58 /* HSFriendBirthdayRemindTableViewController.h */,
				D0903DFC2599BC750010DE58 /* HSFriendBirthdayRemindTableViewController.m */,
				D05712C9259A022C005B4A7A /* HSFriendBirthdayEditViewController.h */,
				D05712CA259A022C005B4A7A /* HSFriendBirthdayEditViewController.m */,
			);
			path = FriendBirthday;
			sourceTree = "<group>";
		};
		D06DA602259D666600C64B7C /* Model */ = {
			isa = PBXGroup;
			children = (
				D06DA603259D669000C64B7C /* HSFriendBirthday.h */,
				D06DA604259D669000C64B7C /* HSFriendBirthday.m */,
			);
			path = Model;
			sourceTree = "<group>";
		};
		D07F4ADC2594BBCF00CA0670 /* FirstPage */ = {
			isa = PBXGroup;
			children = (
				D01B8F8625B7C1B300C5A317 /* MemberWallet */,
				D0894CD125B11C9000424664 /* HSFirstCollectionViewController.h */,
				D0894CD225B11C9000424664 /* HSFirstCollectionViewController.m */,
				D0894CD425B1CDB200424664 /* first.xcassets */,
				D0BCBF5225B56A6B00A2DA7D /* HSQiangGouTableViewController.h */,
				D0BCBF5325B56A6B00A2DA7D /* HSQiangGouTableViewController.m */,
				D0BCBF5825B5A70700A2DA7D /* HSPinTuanTableViewController.h */,
				D0BCBF5925B5A70700A2DA7D /* HSPinTuanTableViewController.m */,
				D0BCBF5B25B5B7DA00A2DA7D /* HSBannerDetailViewController.h */,
				D0BCBF5C25B5B7DA00A2DA7D /* HSBannerDetailViewController.m */,
			);
			path = FirstPage;
			sourceTree = "<group>";
		};
		D07F4ADD2594BC3700CA0670 /* SortPage */ = {
			isa = PBXGroup;
			children = (
				D092614D25B4347900B3C1A7 /* HSSortCollectionViewController.h */,
				D092614E25B4347900B3C1A7 /* HSSortCollectionViewController.m */,
				D0FF2AE325B68B480097CF17 /* HSCategoryDetailViewController.h */,
				D0FF2AE425B68B480097CF17 /* HSCategoryDetailViewController.m */,
			);
			path = SortPage;
			sourceTree = "<group>";
		};
		D07F4ADE2594BC9400CA0670 /* ShopPage */ = {
			isa = PBXGroup;
			children = (
				D0D427D125AE83CB003DD646 /* HSShopTableViewController.h */,
				D0D427D225AE83CB003DD646 /* HSShopTableViewController.m */,
				D0D427D725AF094E003DD646 /* HSShopDetailCollectionViewController.h */,
				D0D427D825AF094E003DD646 /* HSShopDetailCollectionViewController.m */,
			);
			path = ShopPage;
			sourceTree = "<group>";
		};
		D07F4ADF2594BCC900CA0670 /* CartPage */ = {
			isa = PBXGroup;
			children = (
				D07F4AE42594C04E00CA0670 /* HSCartViewController.h */,
				D07F4AE52594C04E00CA0670 /* HSCartViewController.m */,
			);
			path = CartPage;
			sourceTree = "<group>";
		};
		D07F4AE02594BCE000CA0670 /* MyPage */ = {
			isa = PBXGroup;
			children = (
				D04360D525AC4D5600C04580 /* MemberPoint */,
				D0DC6FA025A056F100B501C8 /* Settings */,
				D05712C8259A013B005B4A7A /* FriendBirthday */,
				D07F4AE12594C02200CA0670 /* HSMyViewController.h */,
				D07F4AE22594C02200CA0670 /* HSMyViewController.m */,
				D0DBB59C2595876C00B31A33 /* HSLoginViewController.h */,
				D0DBB59D2595876C00B31A33 /* HSLoginViewController.m */,
				D0C8BEDE2596DEB5008B8D64 /* MyAccount.xcassets */,
				D003017B25983E360068DB6C /* HSMyDetailTableViewController.h */,
				D003017C25983E360068DB6C /* HSMyDetailTableViewController.m */,
			);
			path = MyPage;
			sourceTree = "<group>";
		};
		D0DBB59F2595CF4000B31A33 /* HSNetwork */ = {
			isa = PBXGroup;
			children = (
				D0C843812595D4B500197F8C /* HSNetworkManager.h */,
				D0C843822595D4B500197F8C /* HSNetworkManager.m */,
				D0C843842595DF6100197F8C /* HSNetworkUrl.h */,
				D0C843852595DF6100197F8C /* HSNetworkUrl.m */,
				D04360D425AC305100C04580 /* HSNetwork.h */,
			);
			path = HSNetwork;
			sourceTree = "<group>";
		};
		D0DC6FA025A056F100B501C8 /* Settings */ = {
			isa = PBXGroup;
			children = (
				D0986B8925A1D37200D47929 /* HSPayPasswordSettingViewController.h */,
				D0986B8825A1D37200D47929 /* HSPayPasswordSettingViewController.m */,
				D0DC6FA125A0574900B501C8 /* HSSettingsTableViewController.h */,
				D0DC6FA225A0574900B501C8 /* HSSettingsTableViewController.m */,
				D0986B8B25A1F06500D47929 /* HSCommonProblemTableViewController.h */,
				D0986B8C25A1F06500D47929 /* HSCommonProblemTableViewController.m */,
				D0986B9125A1F8E900D47929 /* HSCommonProblemDetailViewController.h */,
				D0986B9225A1F8E900D47929 /* HSCommonProblemDetailViewController.m */,
				D0E5984125A2A51200FEFE4B /* HSFeedbackViewController.h */,
				D0E5984225A2A51200FEFE4B /* HSFeedbackViewController.m */,
				D0E5984425A2BF7800FEFE4B /* HSAboutUsViewController.h */,
				D0E5984525A2BF7800FEFE4B /* HSAboutUsViewController.m */,
				D0E5984725A3042400FEFE4B /* HSUserPolicyViewController.h */,
				D0E5984825A3042400FEFE4B /* HSUserPolicyViewController.m */,
			);
			path = Settings;
			sourceTree = "<group>";
		};
		D0E5984A25A33B5F00FEFE4B /* HSAccount */ = {
			isa = PBXGroup;
			children = (
				D0E5984B25A33C3200FEFE4B /* HSAccount.h */,
				D0E5984F25A33DF100FEFE4B /* HSUserAccountManger.h */,
				D0E5985025A33DF100FEFE4B /* HSUserAccountManger.m */,
			);
			path = HSAccount;
			sourceTree = "<group>";
		};
/* End PBXGroup section */

/* Begin PBXNativeTarget section */
		D05288C9259338F100C8A2D1 /* chaoyangdaojia */ = {
			isa = PBXNativeTarget;
			buildConfigurationList = D05288E3259338F600C8A2D1 /* Build configuration list for PBXNativeTarget "chaoyangdaojia" */;
			buildPhases = (
				364750E368C246F062AE87A6 /* [CP] Check Pods Manifest.lock */,
				D05288C6259338F100C8A2D1 /* Sources */,
				D05288C7259338F100C8A2D1 /* Frameworks */,
				D05288C8259338F100C8A2D1 /* Resources */,
			);
			buildRules = (
			);
			dependencies = (
			);
			name = chaoyangdaojia;
			productName = chaoyangdaojia;
			productReference = D05288CA259338F100C8A2D1 /* chaoyangdaojia.app */;
			productType = "com.apple.product-type.application";
		};
/* End PBXNativeTarget section */

/* Begin PBXProject section */
		D05288C2259338F100C8A2D1 /* Project object */ = {
			isa = PBXProject;
			attributes = {
				LastUpgradeCheck = 1160;
				ORGANIZATIONNAME = hestyle;
				TargetAttributes = {
					D05288C9259338F100C8A2D1 = {
						CreatedOnToolsVersion = 11.6;
					};
				};
			};
			buildConfigurationList = D05288C5259338F100C8A2D1 /* Build configuration list for PBXProject "chaoyangdaojia" */;
			compatibilityVersion = "Xcode 9.3";
			developmentRegion = en;
			hasScannedForEncodings = 0;
			knownRegions = (
				en,
				Base,
			);
			mainGroup = D05288C1259338F100C8A2D1;
			productRefGroup = D05288CB259338F100C8A2D1 /* Products */;
			projectDirPath = "";
			projectRoot = "";
			targets = (
				D05288C9259338F100C8A2D1 /* chaoyangdaojia */,
			);
		};
/* End PBXProject section */

/* Begin PBXResourcesBuildPhase section */
		D05288C8259338F100C8A2D1 /* Resources */ = {
			isa = PBXResourcesBuildPhase;
			buildActionMask = 2147483647;
			files = (
				D05288DD259338F600C8A2D1 /* LaunchScreen.storyboard in Resources */,
				D05288DA259338F600C8A2D1 /* Assets.xcassets in Resources */,
				D0894CD525B1CDB200424664 /* first.xcassets in Resources */,
				D0C8BEDF2596DEB5008B8D64 /* MyAccount.xcassets in Resources */,
			);
			runOnlyForDeploymentPostprocessing = 0;
		};
/* End PBXResourcesBuildPhase section */

/* Begin PBXShellScriptBuildPhase section */
		364750E368C246F062AE87A6 /* [CP] Check Pods Manifest.lock */ = {
			isa = PBXShellScriptBuildPhase;
			buildActionMask = 2147483647;
			files = (
			);
			inputFileListPaths = (
			);
			inputPaths = (
				"${PODS_PODFILE_DIR_PATH}/Podfile.lock",
				"${PODS_ROOT}/Manifest.lock",
			);
			name = "[CP] Check Pods Manifest.lock";
			outputFileListPaths = (
			);
			outputPaths = (
				"$(DERIVED_FILE_DIR)/Pods-chaoyangdaojia-checkManifestLockResult.txt",
			);
			runOnlyForDeploymentPostprocessing = 0;
			shellPath = /bin/sh;
			shellScript = "diff \"${PODS_PODFILE_DIR_PATH}/Podfile.lock\" \"${PODS_ROOT}/Manifest.lock\" > /dev/null\nif [ $? != 0 ] ; then\n    # print error to STDERR\n    echo \"error: The sandbox is not in sync with the Podfile.lock. Run 'pod install' or update your CocoaPods installation.\" >&2\n    exit 1\nfi\n# This output is used by Xcode 'outputs' to avoid re-running this script phase.\necho \"SUCCESS\" > \"${SCRIPT_OUTPUT_FILE_0}\"\n";
			showEnvVarsInLog = 0;
		};
/* End PBXShellScriptBuildPhase section */

/* Begin PBXSourcesBuildPhase section */
		D05288C6259338F100C8A2D1 /* Sources */ = {
			isa = PBXSourcesBuildPhase;
			buildActionMask = 2147483647;
			files = (
				D0986B8A25A1D37200D47929 /* HSPayPasswordSettingViewController.m in Sources */,
				D07F4ADB2594BA3600CA0670 /* HSMainTableBarController.m in Sources */,
				D0E5984625A2BF7800FEFE4B /* HSAboutUsViewController.m in Sources */,
				D0C843832595D4B500197F8C /* HSNetworkManager.m in Sources */,
				D05288CF259338F100C8A2D1 /* AppDelegate.m in Sources */,
				D0DBB59E2595876C00B31A33 /* HSLoginViewController.m in Sources */,
				D01B8F8C25B7CFE900C5A317 /* HSMemberWalletDetailTableViewController.m in Sources */,
				D003017D25983E360068DB6C /* HSMyDetailTableViewController.m in Sources */,
				D07F4AE62594C04E00CA0670 /* HSCartViewController.m in Sources */,
				D0C843862595DF6100197F8C /* HSNetworkUrl.m in Sources */,
				D092614F25B4347900B3C1A7 /* HSSortCollectionViewController.m in Sources */,
				D0BCBF5A25B5A70700A2DA7D /* HSPinTuanTableViewController.m in Sources */,
				D0986B8D25A1F06500D47929 /* HSCommonProblemTableViewController.m in Sources */,
				D0FF2AE525B68B480097CF17 /* HSCategoryDetailViewController.m in Sources */,
				D00F7E0A25AD423F003D6BC6 /* HSExchangeBalanceViewController.m in Sources */,
				D0BCBF5D25B5B7DA00A2DA7D /* HSBannerDetailViewController.m in Sources */,
				D01B8F9225B80DEF00C5A317 /* HSWithDrawalViewController.m in Sources */,
				D0986B9325A1F8E900D47929 /* HSCommonProblemDetailViewController.m in Sources */,
				D0BCBF5425B56A6B00A2DA7D /* HSQiangGouTableViewController.m in Sources */,
				D00F7E0725AD3D7D003D6BC6 /* HSMemberExplainViewController.m in Sources */,
				D0E5984325A2A51200FEFE4B /* HSFeedbackViewController.m in Sources */,
				D0D427D925AF094E003DD646 /* HSShopDetailCollectionViewController.m in Sources */,
				D0894CD325B11C9000424664 /* HSFirstCollectionViewController.m in Sources */,
				D05712CB259A022C005B4A7A /* HSFriendBirthdayEditViewController.m in Sources */,
				D0D427D325AE83CB003DD646 /* HSShopTableViewController.m in Sources */,
				D00F7E0D25ADB34F003D6BC6 /* HSMemberPointDetailTableViewController.m in Sources */,
				D05288E0259338F600C8A2D1 /* main.m in Sources */,
				D06DA605259D669000C64B7C /* HSFriendBirthday.m in Sources */,
				D0E5984925A3042400FEFE4B /* HSUserPolicyViewController.m in Sources */,
				D0DC6FA325A0574900B501C8 /* HSSettingsTableViewController.m in Sources */,
				D04360D825AC4DFD00C04580 /* HSMemberPointViewController.m in Sources */,
				D0903DFD2599BC750010DE58 /* HSFriendBirthdayRemindTableViewController.m in Sources */,
				D01B8F8F25B7D3DE00C5A317 /* HSRechargeViewController.m in Sources */,
				D01B8F8925B7C1D300C5A317 /* HSMemberWalletViewController.m in Sources */,
				D07F4AE32594C02200CA0670 /* HSMyViewController.m in Sources */,
				D0E5985125A33DF100FEFE4B /* HSUserAccountManger.m in Sources */,
			);
			runOnlyForDeploymentPostprocessing = 0;
		};
/* End PBXSourcesBuildPhase section */

/* Begin PBXVariantGroup section */
		D05288DB259338F600C8A2D1 /* LaunchScreen.storyboard */ = {
			isa = PBXVariantGroup;
			children = (
				D05288DC259338F600C8A2D1 /* Base */,
			);
			name = LaunchScreen.storyboard;
			sourceTree = "<group>";
		};
/* End PBXVariantGroup section */

/* Begin XCBuildConfiguration section */
		D05288E1259338F600C8A2D1 /* Debug */ = {
			isa = XCBuildConfiguration;
			buildSettings = {
				ALWAYS_SEARCH_USER_PATHS = NO;
				CLANG_ANALYZER_NONNULL = YES;
				CLANG_ANALYZER_NUMBER_OBJECT_CONVERSION = YES_AGGRESSIVE;
				CLANG_CXX_LANGUAGE_STANDARD = "gnu++14";
				CLANG_CXX_LIBRARY = "libc++";
				CLANG_ENABLE_MODULES = YES;
				CLANG_ENABLE_OBJC_ARC = YES;
				CLANG_ENABLE_OBJC_WEAK = YES;
				CLANG_WARN_BLOCK_CAPTURE_AUTORELEASING = YES;
				CLANG_WARN_BOOL_CONVERSION = YES;
				CLANG_WARN_COMMA = YES;
				CLANG_WARN_CONSTANT_CONVERSION = YES;
				CLANG_WARN_DEPRECATED_OBJC_IMPLEMENTATIONS = YES;
				CLANG_WARN_DIRECT_OBJC_ISA_USAGE = YES_ERROR;
				CLANG_WARN_DOCUMENTATION_COMMENTS = YES;
				CLANG_WARN_EMPTY_BODY = YES;
				CLANG_WARN_ENUM_CONVERSION = YES;
				CLANG_WARN_INFINITE_RECURSION = YES;
				CLANG_WARN_INT_CONVERSION = YES;
				CLANG_WARN_NON_LITERAL_NULL_CONVERSION = YES;
				CLANG_WARN_OBJC_IMPLICIT_RETAIN_SELF = YES;
				CLANG_WARN_OBJC_LITERAL_CONVERSION = YES;
				CLANG_WARN_OBJC_ROOT_CLASS = YES_ERROR;
				CLANG_WARN_RANGE_LOOP_ANALYSIS = YES;
				CLANG_WARN_STRICT_PROTOTYPES = YES;
				CLANG_WARN_SUSPICIOUS_MOVE = YES;
				CLANG_WARN_UNGUARDED_AVAILABILITY = YES_AGGRESSIVE;
				CLANG_WARN_UNREACHABLE_CODE = YES;
				CLANG_WARN__DUPLICATE_METHOD_MATCH = YES;
				COPY_PHASE_STRIP = NO;
				DEBUG_INFORMATION_FORMAT = dwarf;
				ENABLE_STRICT_OBJC_MSGSEND = YES;
				ENABLE_TESTABILITY = YES;
				GCC_C_LANGUAGE_STANDARD = gnu11;
				GCC_DYNAMIC_NO_PIC = NO;
				GCC_NO_COMMON_BLOCKS = YES;
				GCC_OPTIMIZATION_LEVEL = 0;
				GCC_PREPROCESSOR_DEFINITIONS = (
					"DEBUG=1",
					"$(inherited)",
				);
				GCC_WARN_64_TO_32_BIT_CONVERSION = YES;
				GCC_WARN_ABOUT_RETURN_TYPE = YES_ERROR;
				GCC_WARN_UNDECLARED_SELECTOR = YES;
				GCC_WARN_UNINITIALIZED_AUTOS = YES_AGGRESSIVE;
				GCC_WARN_UNUSED_FUNCTION = YES;
				GCC_WARN_UNUSED_VARIABLE = YES;
				IPHONEOS_DEPLOYMENT_TARGET = 13.6;
				MTL_ENABLE_DEBUG_INFO = INCLUDE_SOURCE;
				MTL_FAST_MATH = YES;
				ONLY_ACTIVE_ARCH = YES;
				SDKROOT = iphoneos;
			};
			name = Debug;
		};
		D05288E2259338F600C8A2D1 /* Release */ = {
			isa = XCBuildConfiguration;
			buildSettings = {
				ALWAYS_SEARCH_USER_PATHS = NO;
				CLANG_ANALYZER_NONNULL = YES;
				CLANG_ANALYZER_NUMBER_OBJECT_CONVERSION = YES_AGGRESSIVE;
				CLANG_CXX_LANGUAGE_STANDARD = "gnu++14";
				CLANG_CXX_LIBRARY = "libc++";
				CLANG_ENABLE_MODULES = YES;
				CLANG_ENABLE_OBJC_ARC = YES;
				CLANG_ENABLE_OBJC_WEAK = YES;
				CLANG_WARN_BLOCK_CAPTURE_AUTORELEASING = YES;
				CLANG_WARN_BOOL_CONVERSION = YES;
				CLANG_WARN_COMMA = YES;
				CLANG_WARN_CONSTANT_CONVERSION = YES;
				CLANG_WARN_DEPRECATED_OBJC_IMPLEMENTATIONS = YES;
				CLANG_WARN_DIRECT_OBJC_ISA_USAGE = YES_ERROR;
				CLANG_WARN_DOCUMENTATION_COMMENTS = YES;
				CLANG_WARN_EMPTY_BODY = YES;
				CLANG_WARN_ENUM_CONVERSION = YES;
				CLANG_WARN_INFINITE_RECURSION = YES;
				CLANG_WARN_INT_CONVERSION = YES;
				CLANG_WARN_NON_LITERAL_NULL_CONVERSION = YES;
				CLANG_WARN_OBJC_IMPLICIT_RETAIN_SELF = YES;
				CLANG_WARN_OBJC_LITERAL_CONVERSION = YES;
				CLANG_WARN_OBJC_ROOT_CLASS = YES_ERROR;
				CLANG_WARN_RANGE_LOOP_ANALYSIS = YES;
				CLANG_WARN_STRICT_PROTOTYPES = YES;
				CLANG_WARN_SUSPICIOUS_MOVE = YES;
				CLANG_WARN_UNGUARDED_AVAILABILITY = YES_AGGRESSIVE;
				CLANG_WARN_UNREACHABLE_CODE = YES;
				CLANG_WARN__DUPLICATE_METHOD_MATCH = YES;
				COPY_PHASE_STRIP = NO;
				DEBUG_INFORMATION_FORMAT = "dwarf-with-dsym";
				ENABLE_NS_ASSERTIONS = NO;
				ENABLE_STRICT_OBJC_MSGSEND = YES;
				GCC_C_LANGUAGE_STANDARD = gnu11;
				GCC_NO_COMMON_BLOCKS = YES;
				GCC_WARN_64_TO_32_BIT_CONVERSION = YES;
				GCC_WARN_ABOUT_RETURN_TYPE = YES_ERROR;
				GCC_WARN_UNDECLARED_SELECTOR = YES;
				GCC_WARN_UNINITIALIZED_AUTOS = YES_AGGRESSIVE;
				GCC_WARN_UNUSED_FUNCTION = YES;
				GCC_WARN_UNUSED_VARIABLE = YES;
				IPHONEOS_DEPLOYMENT_TARGET = 13.6;
				MTL_ENABLE_DEBUG_INFO = NO;
				MTL_FAST_MATH = YES;
				SDKROOT = iphoneos;
				VALIDATE_PRODUCT = YES;
			};
			name = Release;
		};
		D05288E4259338F600C8A2D1 /* Debug */ = {
			isa = XCBuildConfiguration;
			baseConfigurationReference = 0C09EC4C808211ABFC454204 /* Pods-chaoyangdaojia.debug.xcconfig */;
			buildSettings = {
				ASSETCATALOG_COMPILER_APPICON_NAME = AppIcon;
				CODE_SIGN_STYLE = Automatic;
				DEVELOPMENT_TEAM = LGW8UPATA5;
				INFOPLIST_FILE = chaoyangdaojia/Info.plist;
				LD_RUNPATH_SEARCH_PATHS = (
					"$(inherited)",
					"@executable_path/Frameworks",
				);
				PRODUCT_BUNDLE_IDENTIFIER = cn.hestyle.chaoyangdaojia;
				PRODUCT_NAME = "$(TARGET_NAME)";
				TARGETED_DEVICE_FAMILY = "1,2";
			};
			name = Debug;
		};
		D05288E5259338F600C8A2D1 /* Release */ = {
			isa = XCBuildConfiguration;
			baseConfigurationReference = 3EBD767773293FBA077A2885 /* Pods-chaoyangdaojia.release.xcconfig */;
			buildSettings = {
				ASSETCATALOG_COMPILER_APPICON_NAME = AppIcon;
				CODE_SIGN_STYLE = Automatic;
				DEVELOPMENT_TEAM = LGW8UPATA5;
				INFOPLIST_FILE = chaoyangdaojia/Info.plist;
				LD_RUNPATH_SEARCH_PATHS = (
					"$(inherited)",
					"@executable_path/Frameworks",
				);
				PRODUCT_BUNDLE_IDENTIFIER = cn.hestyle.chaoyangdaojia;
				PRODUCT_NAME = "$(TARGET_NAME)";
				TARGETED_DEVICE_FAMILY = "1,2";
			};
			name = Release;
		};
/* End XCBuildConfiguration section */

/* Begin XCConfigurationList section */
		D05288C5259338F100C8A2D1 /* Build configuration list for PBXProject "chaoyangdaojia" */ = {
			isa = XCConfigurationList;
			buildConfigurations = (
				D05288E1259338F600C8A2D1 /* Debug */,
				D05288E2259338F600C8A2D1 /* Release */,
			);
			defaultConfigurationIsVisible = 0;
			defaultConfigurationName = Release;
		};
		D05288E3259338F600C8A2D1 /* Build configuration list for PBXNativeTarget "chaoyangdaojia" */ = {
			isa = XCConfigurationList;
			buildConfigurations = (
				D05288E4259338F600C8A2D1 /* Debug */,
				D05288E5259338F600C8A2D1 /* Release */,
			);
			defaultConfigurationIsVisible = 0;
			defaultConfigurationName = Release;
		};
/* End XCConfigurationList section */
	};
	rootObject = D05288C2259338F100C8A2D1 /* Project object */;
}
